PODS:
  - RxCocoa (3.4.0):
    - RxSwift (~> 3.4)
  - RxSwift (3.4.0)
  - RxWebKit (0.3.4):
    - RxCocoa (~> 3.2)
    - RxSwift (~> 3.2)

DEPENDENCIES:
  - RxCocoa
  - RxSwift
  - RxWebKit

SPEC CHECKSUMS:
  RxCocoa: d14ef6b6029e1ddc6e966508c09289090de68ff9
  RxSwift: 3789a1af753002a14edecdb698a2424624296a9c
  RxWebKit: 4e2ab315c1fa2ab8fa12717d12d3fdff744805f3

PODFILE CHECKSUM: afb71f83439c718aa7ce612b54d99c80879fa5c7

COCOAPODS: 1.1.1
